// !$*UTF8*$!
{
	archiveVersion = 1;
	classes = {
	};
	objectVersion = 50;
	objects = {

/* Begin PBXBuildFile section */
		6419423222EAB0A000315BB9 /* IMDemoTableViewController.swift in Sources */ = {isa = PBXBuildFile; fileRef = 6419423122EAB0A000315BB9 /* IMDemoTableViewController.swift */; };
		6486E0C522D5B6C000A3F6F2 /* AppDelegate.swift in Sources */ = {isa = PBXBuildFile; fileRef = 6486E0C422D5B6C000A3F6F2 /* AppDelegate.swift */; };
		6486E0C722D5B6C000A3F6F2 /* ViewController.swift in Sources */ = {isa = PBXBuildFile; fileRef = 6486E0C622D5B6C000A3F6F2 /* ViewController.swift */; };
		6486E0CA22D5B6C000A3F6F2 /* Main.storyboard in Resources */ = {isa = PBXBuildFile; fileRef = 6486E0C822D5B6C000A3F6F2 /* Main.storyboard */; };
		6486E0CC22D5B6C100A3F6F2 /* Assets.xcassets in Resources */ = {isa = PBXBuildFile; fileRef = 6486E0CB22D5B6C100A3F6F2 /* Assets.xcassets */; };
		6486E0CF22D5B6C100A3F6F2 /* LaunchScreen.storyboard in Resources */ = {isa = PBXBuildFile; fileRef = 6486E0CD22D5B6C100A3F6F2 /* LaunchScreen.storyboard */; };
		6486E0DA22D5B96600A3F6F2 /* IMContentView.swift in Sources */ = {isa = PBXBuildFile; fileRef = 6486E0D922D5B96600A3F6F2 /* IMContentView.swift */; };
		6486E0DC22D5B98400A3F6F2 /* IMScrollPageView.swift in Sources */ = {isa = PBXBuildFile; fileRef = 6486E0DB22D5B98400A3F6F2 /* IMScrollPageView.swift */; };
		6486E0DE22D5B99800A3F6F2 /* IMScrollSegmentView.swift in Sources */ = {isa = PBXBuildFile; fileRef = 6486E0DD22D5B99800A3F6F2 /* IMScrollSegmentView.swift */; };
		6486E0E022D5B9B900A3F6F2 /* IMSegmentStyle.swift in Sources */ = {isa = PBXBuildFile; fileRef = 6486E0DF22D5B9B900A3F6F2 /* IMSegmentStyle.swift */; };
		6486E0E222D5B9DB00A3F6F2 /* UIViewController+Extension.swift in Sources */ = {isa = PBXBuildFile; fileRef = 6486E0E122D5B9DB00A3F6F2 /* UIViewController+Extension.swift */; };
/* End PBXBuildFile section */

/* Begin PBXFileReference section */
		6419423122EAB0A000315BB9 /* IMDemoTableViewController.swift */ = {isa = PBXFileReference; lastKnownFileType = sourcecode.swift; path = IMDemoTableViewController.swift; sourceTree = "<group>"; };
		6486E0C122D5B6C000A3F6F2 /* IMScrollPageView.app */ = {isa = PBXFileReference; explicitFileType = wrapper.application; includeInIndex = 0; path = IMScrollPageView.app; sourceTree = BUILT_PRODUCTS_DIR; };
		6486E0C422D5B6C000A3F6F2 /* AppDelegate.swift */ = {isa = PBXFileReference; lastKnownFileType = sourcecode.swift; path = AppDelegate.swift; sourceTree = "<group>"; };
		6486E0C622D5B6C000A3F6F2 /* ViewController.swift */ = {isa = PBXFileReference; lastKnownFileType = sourcecode.swift; path = ViewController.swift; sourceTree = "<group>"; };
		6486E0C922D5B6C000A3F6F2 /* Base */ = {isa = PBXFileReference; lastKnownFileType = file.storyboard; name = Base; path = Base.lproj/Main.storyboard; sourceTree = "<group>"; };
		6486E0CB22D5B6C100A3F6F2 /* Assets.xcassets */ = {isa = PBXFileReference; lastKnownFileType = folder.assetcatalog; path = Assets.xcassets; sourceTree = "<group>"; };
		6486E0CE22D5B6C100A3F6F2 /* Base */ = {isa = PBXFileReference; lastKnownFileType = file.storyboard; name = Base; path = Base.lproj/LaunchScreen.storyboard; sourceTree = "<group>"; };
		6486E0D022D5B6C100A3F6F2 /* Info.plist */ = {isa = PBXFileReference; lastKnownFileType = text.plist.xml; path = Info.plist; sourceTree = "<group>"; };
		6486E0D922D5B96600A3F6F2 /* IMContentView.swift */ = {isa = PBXFileReference; lastKnownFileType = sourcecode.swift; path = IMContentView.swift; sourceTree = "<group>"; };
		6486E0DB22D5B98400A3F6F2 /* IMScrollPageView.swift */ = {isa = PBXFileReference; lastKnownFileType = sourcecode.swift; path = IMScrollPageView.swift; sourceTree = "<group>"; };
		6486E0DD22D5B99800A3F6F2 /* IMScrollSegmentView.swift */ = {isa = PBXFileReference; lastKnownFileType = sourcecode.swift; path = IMScrollSegmentView.swift; sourceTree = "<group>"; };
		6486E0DF22D5B9B900A3F6F2 /* IMSegmentStyle.swift */ = {isa = PBXFileReference; lastKnownFileType = sourcecode.swift; path = IMSegmentStyle.swift; sourceTree = "<group>"; };
		6486E0E122D5B9DB00A3F6F2 /* UIViewController+Extension.swift */ = {isa = PBXFileReference; lastKnownFileType = sourcecode.swift; path = "UIViewController+Extension.swift"; sourceTree = "<group>"; };
/* End PBXFileReference section */

/* Begin PBXFrameworksBuildPhase section */
		6486E0BE22D5B6C000A3F6F2 /* Frameworks */ = {
			isa = PBXFrameworksBuildPhase;
			buildActionMask = 2147483647;
			files = (
			);
			runOnlyForDeploymentPostprocessing = 0;
		};
/* End PBXFrameworksBuildPhase section */

/* Begin PBXGroup section */
		6486E0B822D5B6C000A3F6F2 = {
			isa = PBXGroup;
			children = (
				6486E0C322D5B6C000A3F6F2 /* IMScrollPageView */,
				6486E0C222D5B6C000A3F6F2 /* Products */,
			);
			sourceTree = "<group>";
		};
		6486E0C222D5B6C000A3F6F2 /* Products */ = {
			isa = PBXGroup;
			children = (
				6486E0C122D5B6C000A3F6F2 /* IMScrollPageView.app */,
			);
			name = Products;
			sourceTree = "<group>";
		};
		6486E0C322D5B6C000A3F6F2 /* IMScrollPageView */ = {
			isa = PBXGroup;
			children = (
				6486E0D622D5B83100A3F6F2 /* IMScrollPageViewLib */,
				6486E0C422D5B6C000A3F6F2 /* AppDelegate.swift */,
				6419423122EAB0A000315BB9 /* IMDemoTableViewController.swift */,
				6486E0C622D5B6C000A3F6F2 /* ViewController.swift */,
				6486E0C822D5B6C000A3F6F2 /* Main.storyboard */,
				6486E0D822D5B88C00A3F6F2 /* System File */,
			);
			path = IMScrollPageView;
			sourceTree = "<group>";
		};
		6486E0D622D5B83100A3F6F2 /* IMScrollPageViewLib */ = {
			isa = PBXGroup;
			children = (
				6486E0D922D5B96600A3F6F2 /* IMContentView.swift */,
				6486E0DB22D5B98400A3F6F2 /* IMScrollPageView.swift */,
				6486E0DD22D5B99800A3F6F2 /* IMScrollSegmentView.swift */,
				6486E0DF22D5B9B900A3F6F2 /* IMSegmentStyle.swift */,
				6486E0E122D5B9DB00A3F6F2 /* UIViewController+Extension.swift */,
			);
			path = IMScrollPageViewLib;
			sourceTree = "<group>";
		};
		6486E0D822D5B88C00A3F6F2 /* System File */ = {
			isa = PBXGroup;
			children = (
				6486E0CD22D5B6C100A3F6F2 /* LaunchScreen.storyboard */,
				6486E0CB22D5B6C100A3F6F2 /* Assets.xcassets */,
				6486E0D022D5B6C100A3F6F2 /* Info.plist */,
			);
			name = "System File";
			sourceTree = "<group>";
		};
/* End PBXGroup section */

/* Begin PBXNativeTarget section */
		6486E0C022D5B6C000A3F6F2 /* IMScrollPageView */ = {
			isa = PBXNativeTarget;
			buildConfigurationList = 6486E0D322D5B6C100A3F6F2 /* Build configuration list for PBXNativeTarget "IMScrollPageView" */;
			buildPhases = (
				6486E0BD22D5B6C000A3F6F2 /* Sources */,
				6486E0BE22D5B6C000A3F6F2 /* Frameworks */,
				6486E0BF22D5B6C000A3F6F2 /* Resources */,
			);
			buildRules = (
			);
			dependencies = (
			);
			name = IMScrollPageView;
			productName = IMScrollPageView;
			productReference = 6486E0C122D5B6C000A3F6F2 /* IMScrollPageView.app */;
			productType = "com.apple.product-type.application";
		};
/* End PBXNativeTarget section */

/* Begin PBXProject section */
		6486E0B922D5B6C000A3F6F2 /* Project object */ = {
			isa = PBXProject;
			attributes = {
				LastSwiftUpdateCheck = 1010;
				LastUpgradeCheck = 1010;
				ORGANIZATIONNAME = Mazy;
				TargetAttributes = {
					6486E0C022D5B6C000A3F6F2 = {
						CreatedOnToolsVersion = 10.1;
					};
				};
			};
			buildConfigurationList = 6486E0BC22D5B6C000A3F6F2 /* Build configuration list for PBXProject "IMScrollPageView" */;
			compatibilityVersion = "Xcode 9.3";
			developmentRegion = en;
			hasScannedForEncodings = 0;
			knownRegions = (
				en,
				Base,
			);
			mainGroup = 6486E0B822D5B6C000A3F6F2;
			productRefGroup = 6486E0C222D5B6C000A3F6F2 /* Products */;
			projectDirPath = "";
			projectRoot = "";
			targets = (
				6486E0C022D5B6C000A3F6F2 /* IMScrollPageView */,
			);
		};
/* End PBXProject section */

/* Begin PBXResourcesBuildPhase section */
		6486E0BF22D5B6C000A3F6F2 /* Resources */ = {
			isa = PBXResourcesBuildPhase;
			buildActionMask = 2147483647;
			files = (
				6486E0CF22D5B6C100A3F6F2 /* LaunchScreen.storyboard in Resources */,
				6486E0CC22D5B6C100A3F6F2 /* Assets.xcassets in Resources */,
				6486E0CA22D5B6C000A3F6F2 /* Main.storyboard in Resources */,
			);
			runOnlyForDeploymentPostprocessing = 0;
		};
/* End PBXResourcesBuildPhase section */

/* Begin PBXSourcesBuildPhase section */
		6486E0BD22D5B6C000A3F6F2 /* Sources */ = {
			isa = PBXSourcesBuildPhase;
			buildActionMask = 2147483647;
			files = (
				6486E0C722D5B6C000A3F6F2 /* ViewController.swift in Sources */,
				6486E0C522D5B6C000A3F6F2 /* AppDelegate.swift in Sources */,
				6486E0DE22D5B99800A3F6F2 /* IMScrollSegmentView.swift in Sources */,
				6486E0E022D5B9B900A3F6F2 /* IMSegmentStyle.swift in Sources */,
				6419423222EAB0A000315BB9 /* IMDemoTableViewController.swift in Sources */,
				6486E0E222D5B9DB00A3F6F2 /* UIViewController+Extension.swift in Sources */,
				6486E0DC22D5B98400A3F6F2 /* IMScrollPageView.swift in Sources */,
				6486E0DA22D5B96600A3F6F2 /* IMContentView.swift in Sources */,
			);
			runOnlyForDeploymentPostprocessing = 0;
		};
/* End PBXSourcesBuildPhase section */

/* Begin PBXVariantGroup section */
		6486E0C822D5B6C000A3F6F2 /* Main.storyboard */ = {
			isa = PBXVariantGroup;
			children = (
				6486E0C922D5B6C000A3F6F2 /* Base */,
			);
			name = Main.storyboard;
			sourceTree = "<group>";
		};
		6486E0CD22D5B6C100A3F6F2 /* LaunchScreen.storyboard */ = {
			isa = PBXVariantGroup;
			children = (
				6486E0CE22D5B6C100A3F6F2 /* Base */,
			);
			name = LaunchScreen.storyboard;
			sourceTree = "<group>";
		};
/* End PBXVariantGroup section */

/* Begin XCBuildConfiguration section */
		6486E0D122D5B6C100A3F6F2 /* Debug */ = {
			isa = XCBuildConfiguration;
			buildSettings = {
				ALWAYS_SEARCH_USER_PATHS = NO;
				CLANG_ANALYZER_NONNULL = YES;
				CLANG_ANALYZER_NUMBER_OBJECT_CONVERSION = YES_AGGRESSIVE;
				CLANG_CXX_LANGUAGE_STANDARD = "gnu++14";
				CLANG_CXX_LIBRARY = "libc++";
				CLANG_ENABLE_MODULES = YES;
				CLANG_ENABLE_OBJC_ARC = YES;
				CLANG_ENABLE_OBJC_WEAK = YES;
				CLANG_WARN_BLOCK_CAPTURE_AUTORELEASING = YES;
				CLANG_WARN_BOOL_CONVERSION = YES;
				CLANG_WARN_COMMA = YES;
				CLANG_WARN_CONSTANT_CONVERSION = YES;
				CLANG_WARN_DEPRECATED_OBJC_IMPLEMENTATIONS = YES;
				CLANG_WARN_DIRECT_OBJC_ISA_USAGE = YES_ERROR;
				CLANG_WARN_DOCUMENTATION_COMMENTS = YES;
				CLANG_WARN_EMPTY_BODY = YES;
				CLANG_WARN_ENUM_CONVERSION = YES;
				CLANG_WARN_INFINITE_RECURSION = YES;
				CLANG_WARN_INT_CONVERSION = YES;
				CLANG_WARN_NON_LITERAL_NULL_CONVERSION = YES;
				CLANG_WARN_OBJC_IMPLICIT_RETAIN_SELF = YES;
				CLANG_WARN_OBJC_LITERAL_CONVERSION = YES;
				CLANG_WARN_OBJC_ROOT_CLASS = YES_ERROR;
				CLANG_WARN_RANGE_LOOP_ANALYSIS = YES;
				CLANG_WARN_STRICT_PROTOTYPES = YES;
				CLANG_WARN_SUSPICIOUS_MOVE = YES;
				CLANG_WARN_UNGUARDED_AVAILABILITY = YES_AGGRESSIVE;
				CLANG_WARN_UNREACHABLE_CODE = YES;
				CLANG_WARN__DUPLICATE_METHOD_MATCH = YES;
				CODE_SIGN_IDENTITY = "iPhone Developer";
				COPY_PHASE_STRIP = NO;
				DEBUG_INFORMATION_FORMAT = dwarf;
				ENABLE_STRICT_OBJC_MSGSEND = YES;
				ENABLE_TESTABILITY = YES;
				GCC_C_LANGUAGE_STANDARD = gnu11;
				GCC_DYNAMIC_NO_PIC = NO;
				GCC_NO_COMMON_BLOCKS = YES;
				GCC_OPTIMIZATION_LEVEL = 0;
				GCC_PREPROCESSOR_DEFINITIONS = (
					"DEBUG=1",
					"$(inherited)",
				);
				GCC_WARN_64_TO_32_BIT_CONVERSION = YES;
				GCC_WARN_ABOUT_RETURN_TYPE = YES_ERROR;
				GCC_WARN_UNDECLARED_SELECTOR = YES;
				GCC_WARN_UNINITIALIZED_AUTOS = YES_AGGRESSIVE;
				GCC_WARN_UNUSED_FUNCTION = YES;
				GCC_WARN_UNUSED_VARIABLE = YES;
				IPHONEOS_DEPLOYMENT_TARGET = 12.1;
				MTL_ENABLE_DEBUG_INFO = INCLUDE_SOURCE;
				MTL_FAST_MATH = YES;
				ONLY_ACTIVE_ARCH = YES;
				SDKROOT = iphoneos;
				SWIFT_ACTIVE_COMPILATION_CONDITIONS = DEBUG;
				SWIFT_OPTIMIZATION_LEVEL = "-Onone";
			};
			name = Debug;
		};
		6486E0D222D5B6C100A3F6F2 /* Release */ = {
			isa = XCBuildConfiguration;
			buildSettings = {
				ALWAYS_SEARCH_USER_PATHS = NO;
				CLANG_ANALYZER_NONNULL = YES;
				CLANG_ANALYZER_NUMBER_OBJECT_CONVERSION = YES_AGGRESSIVE;
				CLANG_CXX_LANGUAGE_STANDARD = "gnu++14";
				CLANG_CXX_LIBRARY = "libc++";
				CLANG_ENABLE_MODULES = YES;
				CLANG_ENABLE_OBJC_ARC = YES;
				CLANG_ENABLE_OBJC_WEAK = YES;
				CLANG_WARN_BLOCK_CAPTURE_AUTORELEASING = YES;
				CLANG_WARN_BOOL_CONVERSION = YES;
				CLANG_WARN_COMMA = YES;
				CLANG_WARN_CONSTANT_CONVERSION = YES;
				CLANG_WARN_DEPRECATED_OBJC_IMPLEMENTATIONS = YES;
				CLANG_WARN_DIRECT_OBJC_ISA_USAGE = YES_ERROR;
				CLANG_WARN_DOCUMENTATION_COMMENTS = YES;
				CLANG_WARN_EMPTY_BODY = YES;
				CLANG_WARN_ENUM_CONVERSION = YES;
				CLANG_WARN_INFINITE_RECURSION = YES;
				CLANG_WARN_INT_CONVERSION = YES;
				CLANG_WARN_NON_LITERAL_NULL_CONVERSION = YES;
				CLANG_WARN_OBJC_IMPLICIT_RETAIN_SELF = YES;
				CLANG_WARN_OBJC_LITERAL_CONVERSION = YES;
				CLANG_WARN_OBJC_ROOT_CLASS = YES_ERROR;
				CLANG_WARN_RANGE_LOOP_ANALYSIS = YES;
				CLANG_WARN_STRICT_PROTOTYPES = YES;
				CLANG_WARN_SUSPICIOUS_MOVE = YES;
				CLANG_WARN_UNGUARDED_AVAILABILITY = YES_AGGRESSIVE;
				CLANG_WARN_UNREACHABLE_CODE = YES;
				CLANG_WARN__DUPLICATE_METHOD_MATCH = YES;
				CODE_SIGN_IDENTITY = "iPhone Developer";
				COPY_PHASE_STRIP = NO;
				DEBUG_INFORMATION_FORMAT = "dwarf-with-dsym";
				ENABLE_NS_ASSERTIONS = NO;
				ENABLE_STRICT_OBJC_MSGSEND = YES;
				GCC_C_LANGUAGE_STANDARD = gnu11;
				GCC_NO_COMMON_BLOCKS = YES;
				GCC_WARN_64_TO_32_BIT_CONVERSION = YES;
				GCC_WARN_ABOUT_RETURN_TYPE = YES_ERROR;
				GCC_WARN_UNDECLARED_SELECTOR = YES;
				GCC_WARN_UNINITIALIZED_AUTOS = YES_AGGRESSIVE;
				GCC_WARN_UNUSED_FUNCTION = YES;
				GCC_WARN_UNUSED_VARIABLE = YES;
				IPHONEOS_DEPLOYMENT_TARGET = 12.1;
				MTL_ENABLE_DEBUG_INFO = NO;
				MTL_FAST_MATH = YES;
				SDKROOT = iphoneos;
				SWIFT_COMPILATION_MODE = wholemodule;
				SWIFT_OPTIMIZATION_LEVEL = "-O";
				VALIDATE_PRODUCT = YES;
			};
			name = Release;
		};
		6486E0D422D5B6C100A3F6F2 /* Debug */ = {
			isa = XCBuildConfiguration;
			buildSettings = {
				ASSETCATALOG_COMPILER_APPICON_NAME = AppIcon;
				CODE_SIGN_STYLE = Automatic;
				DEVELOPMENT_TEAM = WN65XWFSMX;
				INFOPLIST_FILE = IMScrollPageView/Info.plist;
				IPHONEOS_DEPLOYMENT_TARGET = 9.0;
				LD_RUNPATH_SEARCH_PATHS = (
					"$(inherited)",
					"@executable_path/Frameworks",
				);
				PRODUCT_BUNDLE_IDENTIFIER = mazy.IMScrollPageView;
				PRODUCT_NAME = "$(TARGET_NAME)";
				SWIFT_VERSION = 4.2;
				TARGETED_DEVICE_FAMILY = "1,2";
			};
			name = Debug;
		};
		6486E0D522D5B6C100A3F6F2 /* Release */ = {
			isa = XCBuildConfiguration;
			buildSettings = {
				ASSETCATALOG_COMPILER_APPICON_NAME = AppIcon;
				CODE_SIGN_STYLE = Automatic;
				DEVELOPMENT_TEAM = WN65XWFSMX;
				INFOPLIST_FILE = IMScrollPageView/Info.plist;
				IPHONEOS_DEPLOYMENT_TARGET = 9.0;
				LD_RUNPATH_SEARCH_PATHS = (
					"$(inherited)",
					"@executable_path/Frameworks",
				);
				PRODUCT_BUNDLE_IDENTIFIER = mazy.IMScrollPageView;
				PRODUCT_NAME = "$(TARGET_NAME)";
				SWIFT_VERSION = 4.2;
				TARGETED_DEVICE_FAMILY = "1,2";
			};
			name = Release;
		};
/* End XCBuildConfiguration section */

/* Begin XCConfigurationList section */
		6486E0BC22D5B6C000A3F6F2 /* Build configuration list for PBXProject "IMScrollPageView" */ = {
			isa = XCConfigurationList;
			buildConfigurations = (
				6486E0D122D5B6C100A3F6F2 /* Debug */,
				6486E0D222D5B6C100A3F6F2 /* Release */,
			);
			defaultConfigurationIsVisible = 0;
			defaultConfigurationName = Release;
		};
		6486E0D322D5B6C100A3F6F2 /* Build configuration list for PBXNativeTarget "IMScrollPageView" */ = {
			isa = XCConfigurationList;
			buildConfigurations = (
				6486E0D422D5B6C100A3F6F2 /* Debug */,
				6486E0D522D5B6C100A3F6F2 /* Release */,
			);
			defaultConfigurationIsVisible = 0;
			defaultConfigurationName = Release;
		};
/* End XCConfigurationList section */
	};
	rootObject = 6486E0B922D5B6C000A3F6F2 /* Project object */;
}
